Microsoft Visual Studio Solution File, Format Version 12.00
# Visual Studio 15
VisualStudioVersion = 15.0.26430.6
MinimumVisualStudioVersion = 10.0.40219.1
Project("{FAE04EC0-301F-11D3-BF4B-00C04F79EFBC}") = "FirebirdDbComparer", "FirebirdDbComparer\FirebirdDbComparer.csproj", "{458AD688-EEFC-4ECA-BF7E-931EF941930B}"
EndProject
Project("{FAE04EC0-301F-11D3-BF4B-00C04F79EFBC}") = "FirebirdDbComparer.Tests", "FirebirdDbComparer.Tests\FirebirdDbComparer.Tests.csproj", "{8381D807-0CC0-410F-8212-E0A3C7E6BEC9}"
EndProject
Project("{FAE04EC0-301F-11D3-BF4B-00C04F79EFBC}") = "FirebirdDbComparer.TestApp", "FirebirdDbComparer.TestApp\FirebirdDbComparer.TestApp.csproj", "{C5884D95-0A31-4A15-BB16-97F3446BC701}"
EndProject
Global
	GlobalSection(SolutionConfigurationPlatforms) = preSolution
		Debug|Any CPU = Debug|Any CPU
		Release|Any CPU = Release|Any CPU
	EndGlobalSection
	GlobalSection(ProjectConfigurationPlatforms) = postSolution
		{458AD688-EEFC-4ECA-BF7E-931EF941930B}.Debug|Any CPU.ActiveCfg = Debug|Any CPU
		{458AD688-EEFC-4ECA-BF7E-931EF941930B}.Debug|Any CPU.Build.0 = Debug|Any CPU
		{458AD688-EEFC-4ECA-BF7E-931EF941930B}.Release|Any CPU.ActiveCfg = Release|Any CPU
		{458AD688-EEFC-4ECA-BF7E-931EF941930B}.Release|Any CPU.Build.0 = Release|Any CPU
		{8381D807-0CC0-410F-8212-E0A3C7E6BEC9}.Debug|Any CPU.ActiveCfg = Debug|Any CPU
		{8381D807-0CC0-410F-8212-E0A3C7E6BEC9}.Debug|Any CPU.Build.0 = Debug|Any CPU
		{8381D807-0CC0-410F-8212-E0A3C7E6BEC9}.Release|Any CPU.ActiveCfg = Release|Any CPU
		{8381D807-0CC0-410F-8212-E0A3C7E6BEC9}.Release|Any CPU.Build.0 = Release|Any CPU
		{C5884D95-0A31-4A15-BB16-97F3446BC701}.Debug|Any CPU.ActiveCfg = Debug|Any CPU
		{C5884D95-0A31-4A15-BB16-97F3446BC701}.Debug|Any CPU.Build.0 = Debug|Any CPU
		{C5884D95-0A31-4A15-BB16-97F3446BC701}.Release|Any CPU.ActiveCfg = Release|Any CPU
		{C5884D95-0A31-4A15-BB16-97F3446BC701}.Release|Any CPU.Build.0 = Release|Any CPU
	EndGlobalSection
	GlobalSection(SolutionProperties) = preSolution
		HideSolutionNode = FALSE
	EndGlobalSection
EndGlobal
